
Microsoft Visual Studio Solution File, Format Version 12.00
# Visual Studio Version 17
VisualStudioVersion = 17.0.31903.59
MinimumVisualStudioVersion = 10.0.40219.1
Project("{FAE04EC0-301F-11D3-BF4B-00C04F79EFBC}") = "ECommerceApp.Core", "ECommerceApp.Core\ECommerceApp.Core.csproj", "{2E0B6E6B-1A41-4CBD-A96C-01467F6A5D22}"
EndProject
Project("{FAE04EC0-301F-11D3-BF4B-00C04F79EFBC}") = "ECommerceApp.Data", "ECommerceApp.Data\ECommerceApp.Data.csproj", "{CCD4C952-88B9-4040-A339-22667660FB1A}"
EndProject
Project("{FAE04EC0-301F-11D3-BF4B-00C04F79EFBC}") = "ECommerceApp.Tests", "ECommerceApp.Tests\ECommerceApp.Tests.csproj", "{D4D7279A-AD3F-4C5B-90DA-9217DAD8DD9C}"
EndProject
Global
	GlobalSection(SolutionConfigurationPlatforms) = preSolution
		Debug|Any CPU = Debug|Any CPU
		Debug|x64 = Debug|x64
		Debug|x86 = Debug|x86
		Release|Any CPU = Release|Any CPU
		Release|x64 = Release|x64
		Release|x86 = Release|x86
	EndGlobalSection
	GlobalSection(ProjectConfigurationPlatforms) = postSolution
		{2E0B6E6B-1A41-4CBD-A96C-01467F6A5D22}.Debug|Any CPU.ActiveCfg = Debug|Any CPU
		{2E0B6E6B-1A41-4CBD-A96C-01467F6A5D22}.Debug|Any CPU.Build.0 = Debug|Any CPU
		{2E0B6E6B-1A41-4CBD-A96C-01467F6A5D22}.Debug|x64.ActiveCfg = Debug|Any CPU
		{2E0B6E6B-1A41-4CBD-A96C-01467F6A5D22}.Debug|x64.Build.0 = Debug|Any CPU
		{2E0B6E6B-1A41-4CBD-A96C-01467F6A5D22}.Debug|x86.ActiveCfg = Debug|Any CPU
		{2E0B6E6B-1A41-4CBD-A96C-01467F6A5D22}.Debug|x86.Build.0 = Debug|Any CPU
		{2E0B6E6B-1A41-4CBD-A96C-01467F6A5D22}.Release|Any CPU.ActiveCfg = Release|Any CPU
		{2E0B6E6B-1A41-4CBD-A96C-01467F6A5D22}.Release|Any CPU.Build.0 = Release|Any CPU
		{2E0B6E6B-1A41-4CBD-A96C-01467F6A5D22}.Release|x64.ActiveCfg = Release|Any CPU
		{2E0B6E6B-1A41-4CBD-A96C-01467F6A5D22}.Release|x64.Build.0 = Release|Any CPU
		{2E0B6E6B-1A41-4CBD-A96C-01467F6A5D22}.Release|x86.ActiveCfg = Release|Any CPU
		{2E0B6E6B-1A41-4CBD-A96C-01467F6A5D22}.Release|x86.Build.0 = Release|Any CPU
		{CCD4C952-88B9-4040-A339-22667660FB1A}.Debug|Any CPU.ActiveCfg = Debug|Any CPU
		{CCD4C952-88B9-4040-A339-22667660FB1A}.Debug|Any CPU.Build.0 = Debug|Any CPU
		{CCD4C952-88B9-4040-A339-22667660FB1A}.Debug|x64.ActiveCfg = Debug|Any CPU
		{CCD4C952-88B9-4040-A339-22667660FB1A}.Debug|x64.Build.0 = Debug|Any CPU
		{CCD4C952-88B9-4040-A339-22667660FB1A}.Debug|x86.ActiveCfg = Debug|Any CPU
		{CCD4C952-88B9-4040-A339-22667660FB1A}.Debug|x86.Build.0 = Debug|Any CPU
		{CCD4C952-88B9-4040-A339-22667660FB1A}.Release|Any CPU.ActiveCfg = Release|Any CPU
		{CCD4C952-88B9-4040-A339-22667660FB1A}.Release|Any CPU.Build.0 = Release|Any CPU
		{CCD4C952-88B9-4040-A339-22667660FB1A}.Release|x64.ActiveCfg = Release|Any CPU
		{CCD4C952-88B9-4040-A339-22667660FB1A}.Release|x64.Build.0 = Release|Any CPU
		{CCD4C952-88B9-4040-A339-22667660FB1A}.Release|x86.ActiveCfg = Release|Any CPU
		{CCD4C952-88B9-4040-A339-22667660FB1A}.Release|x86.Build.0 = Release|Any CPU
		{D4D7279A-AD3F-4C5B-90DA-9217DAD8DD9C}.Debug|Any CPU.ActiveCfg = Debug|Any CPU
		{D4D7279A-AD3F-4C5B-90DA-9217DAD8DD9C}.Debug|Any CPU.Build.0 = Debug|Any CPU
		{D4D7279A-AD3F-4C5B-90DA-9217DAD8DD9C}.Debug|x64.ActiveCfg = Debug|Any CPU
		{D4D7279A-AD3F-4C5B-90DA-9217DAD8DD9C}.Debug|x64.Build.0 = Debug|Any CPU
		{D4D7279A-AD3F-4C5B-90DA-9217DAD8DD9C}.Debug|x86.ActiveCfg = Debug|Any CPU
		{D4D7279A-AD3F-4C5B-90DA-9217DAD8DD9C}.Debug|x86.Build.0 = Debug|Any CPU
		{D4D7279A-AD3F-4C5B-90DA-9217DAD8DD9C}.Release|Any CPU.ActiveCfg = Release|Any CPU
		{D4D7279A-AD3F-4C5B-90DA-9217DAD8DD9C}.Release|Any CPU.Build.0 = Release|Any CPU
		{D4D7279A-AD3F-4C5B-90DA-9217DAD8DD9C}.Release|x64.ActiveCfg = Release|Any CPU
		{D4D7279A-AD3F-4C5B-90DA-9217DAD8DD9C}.Release|x64.Build.0 = Release|Any CPU
		{D4D7279A-AD3F-4C5B-90DA-9217DAD8DD9C}.Release|x86.ActiveCfg = Release|Any CPU
		{D4D7279A-AD3F-4C5B-90DA-9217DAD8DD9C}.Release|x86.Build.0 = Release|Any CPU
	EndGlobalSection
	GlobalSection(SolutionProperties) = preSolution
		HideSolutionNode = FALSE
	EndGlobalSection
EndGlobal
